{
    "name": "@enormora/objectory",
    "version": "0.0.1",
    "lockfileVersion": 3,
    "requires": true,
    "packages": {
        "": {
            "name": "@enormora/objectory",
            "version": "0.0.1",
            "license": "MIT",
            "devDependencies": {
                "@types/node": "24.5.2",
                "prettier": "3.6.2",
                "rust-just": "1.42.4",
                "typescript": "5.9.2"
            }
        },
        "node_modules/@sec-ant/readable-stream": {
            "version": "0.4.1",
            "resolved": "https://registry.npmjs.org/@sec-ant/readable-stream/-/readable-stream-0.4.1.tgz",
            "integrity": "sha512-831qok9r2t8AlxLko40y2ebgSDhenenCatLVeW/uBtnHPyhHOvG0C7TvfgecV+wHzIm5KUICgzmVpWS+IMEAeg==",
            "dev": true,
            "license": "MIT"
        },
        "node_modules/@sindresorhus/merge-streams": {
            "version": "4.0.0",
            "resolved": "https://registry.npmjs.org/@sindresorhus/merge-streams/-/merge-streams-4.0.0.tgz",
            "integrity": "sha512-tlqY9xq5ukxTUZBmoOp+m61cqwQD5pHJtFY3Mn8CA8ps6yghLH/Hw8UPdqg4OLmFW3IFlcXnQNmo/dh8HzXYIQ==",
            "dev": true,
            "license": "MIT",
            "engines": {
                "node": ">=18"
            },
            "funding": {
                "url": "https://github.com/sponsors/sindresorhus"
            }
        },
        "node_modules/@types/node": {
            "version": "24.5.2",
            "resolved": "https://registry.npmjs.org/@types/node/-/node-24.5.2.tgz",
            "integrity": "sha512-FYxk1I7wPv3K2XBaoyH2cTnocQEu8AOZ60hPbsyukMPLv5/5qr7V1i8PLHdl6Zf87I+xZXFvPCXYjiTFq+YSDQ==",
            "dev": true,
            "license": "MIT",
            "dependencies": {
                "undici-types": "~7.12.0"
            }
        },
        "node_modules/ansi-regex": {
            "version": "6.2.2",
            "resolved": "https://registry.npmjs.org/ansi-regex/-/ansi-regex-6.2.2.tgz",
            "integrity": "sha512-Bq3SmSpyFHaWjPk8If9yc6svM8c56dB5BAtW4Qbw5jHTwwXXcTLoRMkpDJp6VL0XzlWaCHTXrkFURMYmD0sLqg==",
            "dev": true,
            "license": "MIT",
            "engines": {
                "node": ">=12"
            },
            "funding": {
                "url": "https://github.com/chalk/ansi-regex?sponsor=1"
            }
        },
        "node_modules/ansi-styles": {
            "version": "6.2.3",
            "resolved": "https://registry.npmjs.org/ansi-styles/-/ansi-styles-6.2.3.tgz",
            "integrity": "sha512-4Dj6M28JB+oAH8kFkTLUo+a2jwOFkuqb3yucU0CANcRRUbxS0cP0nZYCGjcc3BNXwRIsUVmDGgzawme7zvJHvg==",
            "dev": true,
            "license": "MIT",
            "engines": {
                "node": ">=12"
            },
            "funding": {
                "url": "https://github.com/chalk/ansi-styles?sponsor=1"
            }
        },
        "node_modules/cliui": {
            "version": "9.0.1",
            "resolved": "https://registry.npmjs.org/cliui/-/cliui-9.0.1.tgz",
            "integrity": "sha512-k7ndgKhwoQveBL+/1tqGJYNz097I7WOvwbmmU2AR5+magtbjPWQTS1C5vzGkBC8Ym8UWRzfKUzUUqFLypY4Q+w==",
            "dev": true,
            "license": "ISC",
            "dependencies": {
                "string-width": "^7.2.0",
                "strip-ansi": "^7.1.0",
                "wrap-ansi": "^9.0.0"
            },
            "engines": {
                "node": ">=20"
            }
        },
        "node_modules/cross-spawn": {
            "version": "7.0.6",
            "resolved": "https://registry.npmjs.org/cross-spawn/-/cross-spawn-7.0.6.tgz",
            "integrity": "sha512-uV2QOWP2nWzsy2aMp8aRibhi9dlzF5Hgh5SHaB9OiTGEyDTiJJyx0uy51QXdyWbtAHNua4XJzUKca3OzKUd3vA==",
            "dev": true,
            "license": "MIT",
            "dependencies": {
                "path-key": "^3.1.0",
                "shebang-command": "^2.0.0",
                "which": "^2.0.1"
            },
            "engines": {
                "node": ">= 8"
            }
        },
        "node_modules/emoji-regex": {
            "version": "10.5.0",
            "resolved": "https://registry.npmjs.org/emoji-regex/-/emoji-regex-10.5.0.tgz",
            "integrity": "sha512-lb49vf1Xzfx080OKA0o6l8DQQpV+6Vg95zyCJX9VB/BqKYlhG7N4wgROUUHRA+ZPUefLnteQOad7z1kT2bV7bg==",
            "dev": true,
            "license": "MIT"
        },
        "node_modules/escalade": {
            "version": "3.2.0",
            "resolved": "https://registry.npmjs.org/escalade/-/escalade-3.2.0.tgz",
            "integrity": "sha512-WUj2qlxaQtO4g6Pq5c29GTcWGDyd8itL8zTlipgECz3JesAiiOKotd8JU6otB3PACgG6xkJUyVhboMS+bje/jA==",
            "dev": true,
            "license": "MIT",
            "engines": {
                "node": ">=6"
            }
        },
        "node_modules/execa": {
            "version": "9.6.0",
            "resolved": "https://registry.npmjs.org/execa/-/execa-9.6.0.tgz",
            "integrity": "sha512-jpWzZ1ZhwUmeWRhS7Qv3mhpOhLfwI+uAX4e5fOcXqwMR7EcJ0pj2kV1CVzHVMX/LphnKWD3LObjZCoJ71lKpHw==",
            "dev": true,
            "license": "MIT",
            "dependencies": {
                "@sindresorhus/merge-streams": "^4.0.0",
                "cross-spawn": "^7.0.6",
                "figures": "^6.1.0",
                "get-stream": "^9.0.0",
                "human-signals": "^8.0.1",
                "is-plain-obj": "^4.1.0",
                "is-stream": "^4.0.1",
                "npm-run-path": "^6.0.0",
                "pretty-ms": "^9.2.0",
                "signal-exit": "^4.1.0",
                "strip-final-newline": "^4.0.0",
                "yoctocolors": "^2.1.1"
            },
            "engines": {
                "node": "^18.19.0 || >=20.5.0"
            },
            "funding": {
                "url": "https://github.com/sindresorhus/execa?sponsor=1"
            }
        },
        "node_modules/figures": {
            "version": "6.1.0",
            "resolved": "https://registry.npmjs.org/figures/-/figures-6.1.0.tgz",
            "integrity": "sha512-d+l3qxjSesT4V7v2fh+QnmFnUWv9lSpjarhShNTgBOfA0ttejbQUAlHLitbjkoRiDulW0OPoQPYIGhIC8ohejg==",
            "dev": true,
            "license": "MIT",
            "dependencies": {
                "is-unicode-supported": "^2.0.0"
            },
            "engines": {
                "node": ">=18"
            },
            "funding": {
                "url": "https://github.com/sponsors/sindresorhus"
            }
        },
        "node_modules/get-caller-file": {
            "version": "2.0.5",
            "resolved": "https://registry.npmjs.org/get-caller-file/-/get-caller-file-2.0.5.tgz",
            "integrity": "sha512-DyFP3BM/3YHTQOCUL/w0OZHR0lpKeGrxotcHWcqNEdnltqFwXVfhEBQ94eIo34AfQpo0rGki4cyIiftY06h2Fg==",
            "dev": true,
            "license": "ISC",
            "engines": {
                "node": "6.* || 8.* || >= 10.*"
            }
        },
        "node_modules/get-east-asian-width": {
            "version": "1.4.0",
            "resolved": "https://registry.npmjs.org/get-east-asian-width/-/get-east-asian-width-1.4.0.tgz",
            "integrity": "sha512-QZjmEOC+IT1uk6Rx0sX22V6uHWVwbdbxf1faPqJ1QhLdGgsRGCZoyaQBm/piRdJy/D2um6hM1UP7ZEeQ4EkP+Q==",
            "dev": true,
            "license": "MIT",
            "engines": {
                "node": ">=18"
            },
            "funding": {
                "url": "https://github.com/sponsors/sindresorhus"
            }
        },
        "node_modules/get-stream": {
            "version": "9.0.1",
            "resolved": "https://registry.npmjs.org/get-stream/-/get-stream-9.0.1.tgz",
            "integrity": "sha512-kVCxPF3vQM/N0B1PmoqVUqgHP+EeVjmZSQn+1oCRPxd2P21P2F19lIgbR3HBosbB1PUhOAoctJnfEn2GbN2eZA==",
            "dev": true,
            "license": "MIT",
            "dependencies": {
                "@sec-ant/readable-stream": "^0.4.1",
                "is-stream": "^4.0.1"
            },
            "engines": {
                "node": ">=18"
            },
            "funding": {
                "url": "https://github.com/sponsors/sindresorhus"
            }
        },
        "node_modules/human-signals": {
            "version": "8.0.1",
            "resolved": "https://registry.npmjs.org/human-signals/-/human-signals-8.0.1.tgz",
            "integrity": "sha512-eKCa6bwnJhvxj14kZk5NCPc6Hb6BdsU9DZcOnmQKSnO1VKrfV0zCvtttPZUsBvjmNDn8rpcJfpwSYnHBjc95MQ==",
            "dev": true,
            "license": "Apache-2.0",
            "engines": {
                "node": ">=18.18.0"
            }
        },
        "node_modules/is-plain-obj": {
            "version": "4.1.0",
            "resolved": "https://registry.npmjs.org/is-plain-obj/-/is-plain-obj-4.1.0.tgz",
            "integrity": "sha512-+Pgi+vMuUNkJyExiMBt5IlFoMyKnr5zhJ4Uspz58WOhBF5QoIZkFyNHIbBAtHwzVAgk5RtndVNsDRN61/mmDqg==",
            "dev": true,
            "license": "MIT",
            "engines": {
                "node": ">=12"
            },
            "funding": {
                "url": "https://github.com/sponsors/sindresorhus"
            }
        },
        "node_modules/is-stream": {
            "version": "4.0.1",
            "resolved": "https://registry.npmjs.org/is-stream/-/is-stream-4.0.1.tgz",
            "integrity": "sha512-Dnz92NInDqYckGEUJv689RbRiTSEHCQ7wOVeALbkOz999YpqT46yMRIGtSNl2iCL1waAZSx40+h59NV/EwzV/A==",
            "dev": true,
            "license": "MIT",
            "engines": {
                "node": ">=18"
            },
            "funding": {
                "url": "https://github.com/sponsors/sindresorhus"
            }
        },
        "node_modules/is-unicode-supported": {
            "version": "2.1.0",
            "resolved": "https://registry.npmjs.org/is-unicode-supported/-/is-unicode-supported-2.1.0.tgz",
            "integrity": "sha512-mE00Gnza5EEB3Ds0HfMyllZzbBrmLOX3vfWoj9A9PEnTfratQ/BcaJOuMhnkhjXvb2+FkY3VuHqtAGpTPmglFQ==",
            "dev": true,
            "license": "MIT",
            "engines": {
                "node": ">=18"
            },
            "funding": {
                "url": "https://github.com/sponsors/sindresorhus"
            }
        },
        "node_modules/isexe": {
            "version": "2.0.0",
            "resolved": "https://registry.npmjs.org/isexe/-/isexe-2.0.0.tgz",
            "integrity": "sha512-RHxMLp9lnKHGHRng9QFhRCMbYAcVpn69smSGcq3f36xjgVVWThj4qqLbTLlq7Ssj8B+fIQ1EuCEGI2lKsyQeIw==",
            "dev": true,
            "license": "ISC"
        },
        "node_modules/npm-run-path": {
            "version": "6.0.0",
            "resolved": "https://registry.npmjs.org/npm-run-path/-/npm-run-path-6.0.0.tgz",
            "integrity": "sha512-9qny7Z9DsQU8Ou39ERsPU4OZQlSTP47ShQzuKZ6PRXpYLtIFgl/DEBYEXKlvcEa+9tHVcK8CF81Y2V72qaZhWA==",
            "dev": true,
            "license": "MIT",
            "dependencies": {
                "path-key": "^4.0.0",
                "unicorn-magic": "^0.3.0"
            },
            "engines": {
                "node": ">=18"
            },
            "funding": {
                "url": "https://github.com/sponsors/sindresorhus"
            }
        },
        "node_modules/npm-run-path/node_modules/path-key": {
            "version": "4.0.0",
            "resolved": "https://registry.npmjs.org/path-key/-/path-key-4.0.0.tgz",
            "integrity": "sha512-haREypq7xkM7ErfgIyA0z+Bj4AGKlMSdlQE2jvJo6huWD1EdkKYV+G/T4nq0YEF2vgTT8kqMFKo1uHn950r4SQ==",
            "dev": true,
            "license": "MIT",
            "engines": {
                "node": ">=12"
            },
            "funding": {
                "url": "https://github.com/sponsors/sindresorhus"
            }
        },
        "node_modules/parse-ms": {
            "version": "4.0.0",
            "resolved": "https://registry.npmjs.org/parse-ms/-/parse-ms-4.0.0.tgz",
            "integrity": "sha512-TXfryirbmq34y8QBwgqCVLi+8oA3oWx2eAnSn62ITyEhEYaWRlVZ2DvMM9eZbMs/RfxPu/PK/aBLyGj4IrqMHw==",
            "dev": true,
            "license": "MIT",
            "engines": {
                "node": ">=18"
            },
            "funding": {
                "url": "https://github.com/sponsors/sindresorhus"
            }
        },
        "node_modules/path-key": {
            "version": "3.1.1",
            "resolved": "https://registry.npmjs.org/path-key/-/path-key-3.1.1.tgz",
            "integrity": "sha512-ojmeN0qd+y0jszEtoY48r0Peq5dwMEkIlCOu6Q5f41lfkswXuKtYrhgoTpLnyIcHm24Uhqx+5Tqm2InSwLhE6Q==",
            "dev": true,
            "license": "MIT",
            "engines": {
                "node": ">=8"
            }
        },
        "node_modules/prettier": {
            "version": "3.6.2",
            "resolved": "https://registry.npmjs.org/prettier/-/prettier-3.6.2.tgz",
            "integrity": "sha512-I7AIg5boAr5R0FFtJ6rCfD+LFsWHp81dolrFD8S79U9tb8Az2nGrJncnMSnys+bpQJfRUzqs9hnA81OAA3hCuQ==",
            "dev": true,
            "license": "MIT",
            "bin": {
                "prettier": "bin/prettier.cjs"
            },
            "engines": {
                "node": ">=14"
            },
            "funding": {
                "url": "https://github.com/prettier/prettier?sponsor=1"
            }
        },
        "node_modules/pretty-ms": {
            "version": "9.3.0",
            "resolved": "https://registry.npmjs.org/pretty-ms/-/pretty-ms-9.3.0.tgz",
            "integrity": "sha512-gjVS5hOP+M3wMm5nmNOucbIrqudzs9v/57bWRHQWLYklXqoXKrVfYW2W9+glfGsqtPgpiz5WwyEEB+ksXIx3gQ==",
            "dev": true,
            "license": "MIT",
            "dependencies": {
                "parse-ms": "^4.0.0"
            },
            "engines": {
                "node": ">=18"
            },
            "funding": {
                "url": "https://github.com/sponsors/sindresorhus"
            }
        },
        "node_modules/rust-just": {
            "version": "1.42.4",
            "resolved": "https://registry.npmjs.org/rust-just/-/rust-just-1.42.4.tgz",
            "integrity": "sha512-Nzo+H3IrtlN58QjdKfURUXf919pVyGEJbWsH7ypzVtMSIkCL2EaBjYzVTfgq+GR2ZmQM4AikEq+UIjq/HAOYbw==",
            "dev": true,
            "license": "CC0-1.0",
            "dependencies": {
                "execa": "^9.6.0",
                "yargs": "^18.0.0"
            },
            "bin": {
                "just": "lib/index.mjs",
                "rust-just": "lib/index.mjs"
            },
            "engines": {
                "node": ">=20.19.0"
            },
            "optionalDependencies": {
                "rust-just-darwin-arm64": "1.42.4",
                "rust-just-darwin-x64": "1.42.4",
                "rust-just-linux-arm": "1.42.4",
                "rust-just-linux-arm64": "1.42.4",
                "rust-just-linux-x64": "1.42.4",
                "rust-just-windows-arm64": "1.42.4",
                "rust-just-windows-x64": "1.42.4"
            }
        },
        "node_modules/rust-just-darwin-arm64": {
            "version": "1.42.4",
            "resolved": "https://registry.npmjs.org/rust-just-darwin-arm64/-/rust-just-darwin-arm64-1.42.4.tgz",
            "integrity": "sha512-ivTFJTZy+/9v0boG2bqlmGN32qqQoXjVrphg3k6ft0RZfYzKG5T+QFV/9GeR+iBcOwRBhO2PQn3EhMSIAqMVow==",
            "cpu": [
                "arm64"
            ],
            "dev": true,
            "license": "CC0-1.0",
            "optional": true,
            "os": [
                "darwin"
            ]
        },
        "node_modules/rust-just-darwin-x64": {
            "version": "1.42.4",
            "resolved": "https://registry.npmjs.org/rust-just-darwin-x64/-/rust-just-darwin-x64-1.42.4.tgz",
            "integrity": "sha512-2fA+xgmCtz2/pixIY8aoEsEXe1+iC6D9eN5HNMFRbrJBHnLSwYj23g959kUUBVBZC4sgLQ4cbGsO+6J7iexHTA==",
            "cpu": [
                "x64"
            ],
            "dev": true,
            "license": "CC0-1.0",
            "optional": true,
            "os": [
                "darwin"
            ]
        },
        "node_modules/rust-just-linux-arm": {
            "version": "1.42.4",
            "resolved": "https://registry.npmjs.org/rust-just-linux-arm/-/rust-just-linux-arm-1.42.4.tgz",
            "integrity": "sha512-abD4qdv9Anra7hB/MUzdrLUYilcJ3vM5CjmOuHlgk5ULi94GAjSFcBwMC4AvY2iCwghW2S+mO9shIQ6kktE25w==",
            "cpu": [
                "arm"
            ],
            "dev": true,
            "license": "CC0-1.0",
            "optional": true,
            "os": [
                "linux"
            ]
        },
        "node_modules/rust-just-linux-arm64": {
            "version": "1.42.4",
            "resolved": "https://registry.npmjs.org/rust-just-linux-arm64/-/rust-just-linux-arm64-1.42.4.tgz",
            "integrity": "sha512-pThTQN6dbwBnMba7w1BIJZdWgOvlz+5WATuzCsse0IV9XoGO0Un8wwcmZX++WqRKGuIKazfPZpwi9rYoi8BSfw==",
            "cpu": [
                "arm64"
            ],
            "dev": true,
            "license": "CC0-1.0",
            "optional": true,
            "os": [
                "linux"
            ]
        },
        "node_modules/rust-just-linux-x64": {
            "version": "1.42.4",
            "resolved": "https://registry.npmjs.org/rust-just-linux-x64/-/rust-just-linux-x64-1.42.4.tgz",
            "integrity": "sha512-atNHV1ERjOxMA2cHsywTSeScTPOtXHLy+5HbVINf4z/AgyvuUrPVSiqtUPgt2IKmqUmLK3TjWakVCy5JP0K37w==",
            "cpu": [
                "x64"
            ],
            "dev": true,
            "license": "CC0-1.0",
            "optional": true,
            "os": [
                "linux"
            ]
        },
        "node_modules/rust-just-windows-arm64": {
            "version": "1.42.4",
            "resolved": "https://registry.npmjs.org/rust-just-windows-arm64/-/rust-just-windows-arm64-1.42.4.tgz",
            "integrity": "sha512-gOgFUifkIINIkS9+O8r1G23m1RMcVlOeENYEK97odLxxb6KU/oOQc1lyxfCwkcmfvp+TT+rPiIF7jlt9YqTZhw==",
            "cpu": [
                "arm64"
            ],
            "dev": true,
            "license": "CC0-1.0",
            "optional": true,
            "os": [
                "win32"
            ]
        },
        "node_modules/rust-just-windows-x64": {
            "version": "1.42.4",
            "resolved": "https://registry.npmjs.org/rust-just-windows-x64/-/rust-just-windows-x64-1.42.4.tgz",
            "integrity": "sha512-W7EviuPzvo0wWJAyPgP4PORkoshy3s8OMjEunrAeSpmREKsOKD6yS0W98b7AqxPBgC6bbycmPQZT2Se55QMxXw==",
            "cpu": [
                "x64"
            ],
            "dev": true,
            "license": "CC0-1.0",
            "optional": true,
            "os": [
                "win32"
            ]
        },
        "node_modules/shebang-command": {
            "version": "2.0.0",
            "resolved": "https://registry.npmjs.org/shebang-command/-/shebang-command-2.0.0.tgz",
            "integrity": "sha512-kHxr2zZpYtdmrN1qDjrrX/Z1rR1kG8Dx+gkpK1G4eXmvXswmcE1hTWBWYUzlraYw1/yZp6YuDY77YtvbN0dmDA==",
            "dev": true,
            "license": "MIT",
            "dependencies": {
                "shebang-regex": "^3.0.0"
            },
            "engines": {
                "node": ">=8"
            }
        },
        "node_modules/shebang-regex": {
            "version": "3.0.0",
            "resolved": "https://registry.npmjs.org/shebang-regex/-/shebang-regex-3.0.0.tgz",
            "integrity": "sha512-7++dFhtcx3353uBaq8DDR4NuxBetBzC7ZQOhmTQInHEd6bSrXdiEyzCvG07Z44UYdLShWUyXt5M/yhz8ekcb1A==",
            "dev": true,
            "license": "MIT",
            "engines": {
                "node": ">=8"
            }
        },
        "node_modules/signal-exit": {
            "version": "4.1.0",
            "resolved": "https://registry.npmjs.org/signal-exit/-/signal-exit-4.1.0.tgz",
            "integrity": "sha512-bzyZ1e88w9O1iNJbKnOlvYTrWPDl46O1bG0D3XInv+9tkPrxrN8jUUTiFlDkkmKWgn1M6CfIA13SuGqOa9Korw==",
            "dev": true,
            "license": "ISC",
            "engines": {
                "node": ">=14"
            },
            "funding": {
                "url": "https://github.com/sponsors/isaacs"
            }
        },
        "node_modules/string-width": {
            "version": "7.2.0",
            "resolved": "https://registry.npmjs.org/string-width/-/string-width-7.2.0.tgz",
            "integrity": "sha512-tsaTIkKW9b4N+AEj+SVA+WhJzV7/zMhcSu78mLKWSk7cXMOSHsBKFWUs0fWwq8QyK3MgJBQRX6Gbi4kYbdvGkQ==",
            "dev": true,
            "license": "MIT",
            "dependencies": {
                "emoji-regex": "^10.3.0",
                "get-east-asian-width": "^1.0.0",
                "strip-ansi": "^7.1.0"
            },
            "engines": {
                "node": ">=18"
            },
            "funding": {
                "url": "https://github.com/sponsors/sindresorhus"
            }
        },
        "node_modules/strip-ansi": {
            "version": "7.1.2",
            "resolved": "https://registry.npmjs.org/strip-ansi/-/strip-ansi-7.1.2.tgz",
            "integrity": "sha512-gmBGslpoQJtgnMAvOVqGZpEz9dyoKTCzy2nfz/n8aIFhN/jCE/rCmcxabB6jOOHV+0WNnylOxaxBQPSvcWklhA==",
            "dev": true,
            "license": "MIT",
            "dependencies": {
                "ansi-regex": "^6.0.1"
            },
            "engines": {
                "node": ">=12"
            },
            "funding": {
                "url": "https://github.com/chalk/strip-ansi?sponsor=1"
            }
        },
        "node_modules/strip-final-newline": {
            "version": "4.0.0",
            "resolved": "https://registry.npmjs.org/strip-final-newline/-/strip-final-newline-4.0.0.tgz",
            "integrity": "sha512-aulFJcD6YK8V1G7iRB5tigAP4TsHBZZrOV8pjV++zdUwmeV8uzbY7yn6h9MswN62adStNZFuCIx4haBnRuMDaw==",
            "dev": true,
            "license": "MIT",
            "engines": {
                "node": ">=18"
            },
            "funding": {
                "url": "https://github.com/sponsors/sindresorhus"
            }
        },
        "node_modules/typescript": {
            "version": "5.9.2",
            "resolved": "https://registry.npmjs.org/typescript/-/typescript-5.9.2.tgz",
            "integrity": "sha512-CWBzXQrc/qOkhidw1OzBTQuYRbfyxDXJMVJ1XNwUHGROVmuaeiEm3OslpZ1RV96d7SKKjZKrSJu3+t/xlw3R9A==",
            "dev": true,
            "license": "Apache-2.0",
            "bin": {
                "tsc": "bin/tsc",
                "tsserver": "bin/tsserver"
            },
            "engines": {
                "node": ">=14.17"
            }
        },
        "node_modules/undici-types": {
            "version": "7.12.0",
            "resolved": "https://registry.npmjs.org/undici-types/-/undici-types-7.12.0.tgz",
            "integrity": "sha512-goOacqME2GYyOZZfb5Lgtu+1IDmAlAEu5xnD3+xTzS10hT0vzpf0SPjkXwAw9Jm+4n/mQGDP3LO8CPbYROeBfQ==",
            "dev": true,
            "license": "MIT"
        },
        "node_modules/unicorn-magic": {
            "version": "0.3.0",
            "resolved": "https://registry.npmjs.org/unicorn-magic/-/unicorn-magic-0.3.0.tgz",
            "integrity": "sha512-+QBBXBCvifc56fsbuxZQ6Sic3wqqc3WWaqxs58gvJrcOuN83HGTCwz3oS5phzU9LthRNE9VrJCFCLUgHeeFnfA==",
            "dev": true,
            "license": "MIT",
            "engines": {
                "node": ">=18"
            },
            "funding": {
                "url": "https://github.com/sponsors/sindresorhus"
            }
        },
        "node_modules/which": {
            "version": "2.0.2",
            "resolved": "https://registry.npmjs.org/which/-/which-2.0.2.tgz",
            "integrity": "sha512-BLI3Tl1TW3Pvl70l3yq3Y64i+awpwXqsGBYWkkqMtnbXgrMD+yj7rhW0kuEDxzJaYXGjEW5ogapKNMEKNMjibA==",
            "dev": true,
            "license": "ISC",
            "dependencies": {
                "isexe": "^2.0.0"
            },
            "bin": {
                "node-which": "bin/node-which"
            },
            "engines": {
                "node": ">= 8"
            }
        },
        "node_modules/wrap-ansi": {
            "version": "9.0.2",
            "resolved": "https://registry.npmjs.org/wrap-ansi/-/wrap-ansi-9.0.2.tgz",
            "integrity": "sha512-42AtmgqjV+X1VpdOfyTGOYRi0/zsoLqtXQckTmqTeybT+BDIbM/Guxo7x3pE2vtpr1ok6xRqM9OpBe+Jyoqyww==",
            "dev": true,
            "license": "MIT",
            "dependencies": {
                "ansi-styles": "^6.2.1",
                "string-width": "^7.0.0",
                "strip-ansi": "^7.1.0"
            },
            "engines": {
                "node": ">=18"
            },
            "funding": {
                "url": "https://github.com/chalk/wrap-ansi?sponsor=1"
            }
        },
        "node_modules/y18n": {
            "version": "5.0.8",
            "resolved": "https://registry.npmjs.org/y18n/-/y18n-5.0.8.tgz",
            "integrity": "sha512-0pfFzegeDWJHJIAmTLRP2DwHjdF5s7jo9tuztdQxAhINCdvS+3nGINqPd00AphqJR/0LhANUS6/+7SCb98YOfA==",
            "dev": true,
            "license": "ISC",
            "engines": {
                "node": ">=10"
            }
        },
        "node_modules/yargs": {
            "version": "18.0.0",
            "resolved": "https://registry.npmjs.org/yargs/-/yargs-18.0.0.tgz",
            "integrity": "sha512-4UEqdc2RYGHZc7Doyqkrqiln3p9X2DZVxaGbwhn2pi7MrRagKaOcIKe8L3OxYcbhXLgLFUS3zAYuQjKBQgmuNg==",
            "dev": true,
            "license": "MIT",
            "dependencies": {
                "cliui": "^9.0.1",
                "escalade": "^3.1.1",
                "get-caller-file": "^2.0.5",
                "string-width": "^7.2.0",
                "y18n": "^5.0.5",
                "yargs-parser": "^22.0.0"
            },
            "engines": {
                "node": "^20.19.0 || ^22.12.0 || >=23"
            }
        },
        "node_modules/yargs-parser": {
            "version": "22.0.0",
            "resolved": "https://registry.npmjs.org/yargs-parser/-/yargs-parser-22.0.0.tgz",
            "integrity": "sha512-rwu/ClNdSMpkSrUb+d6BRsSkLUq1fmfsY6TOpYzTwvwkg1/NRG85KBy3kq++A8LKQwX6lsu+aWad+2khvuXrqw==",
            "dev": true,
            "license": "ISC",
            "engines": {
                "node": "^20.19.0 || ^22.12.0 || >=23"
            }
        },
        "node_modules/yoctocolors": {
            "version": "2.1.2",
            "resolved": "https://registry.npmjs.org/yoctocolors/-/yoctocolors-2.1.2.tgz",
            "integrity": "sha512-CzhO+pFNo8ajLM2d2IW/R93ipy99LWjtwblvC1RsoSUMZgyLbYFr221TnSNT7GjGdYui6P459mw9JH/g/zW2ug==",
            "dev": true,
            "license": "MIT",
            "engines": {
                "node": ">=18"
            },
            "funding": {
                "url": "https://github.com/sponsors/sindresorhus"
            }
        }
    }
}
